
Microsoft Visual Studio Solution File, Format Version 12.00
# Visual Studio Version 16
VisualStudioVersion = 16.0.34031.81
MinimumVisualStudioVersion = 10.0.40219.1
Project("{FAE04EC0-301F-11D3-BF4B-00C04F79EFBC}") = "Uzduotis", "Uzduotis\Uzduotis.csproj", "{F15203E4-F0DC-4C80-ADBB-EA65D00EA07C}"
EndProject
Global
	GlobalSection(SolutionConfigurationPlatforms) = preSolution
		Debug|Any CPU = Debug|Any CPU
		Release|Any CPU = Release|Any CPU
	EndGlobalSection
	GlobalSection(ProjectConfigurationPlatforms) = postSolution
		{F15203E4-F0DC-4C80-ADBB-EA65D00EA07C}.Debug|Any CPU.ActiveCfg = Debug|Any CPU
		{F15203E4-F0DC-4C80-ADBB-EA65D00EA07C}.Debug|Any CPU.Build.0 = Debug|Any CPU
		{F15203E4-F0DC-4C80-ADBB-EA65D00EA07C}.Release|Any CPU.ActiveCfg = Release|Any CPU
		{F15203E4-F0DC-4C80-ADBB-EA65D00EA07C}.Release|Any CPU.Build.0 = Release|Any CPU
	EndGlobalSection
	GlobalSection(SolutionProperties) = preSolution
		HideSolutionNode = FALSE
	EndGlobalSection
	GlobalSection(ExtensibilityGlobals) = postSolution
		SolutionGuid = {A5D5E296-ACF7-4A73-933C-07F44A3E731B}
	EndGlobalSection
EndGlobal
